
Microsoft Visual Studio Solution File, Format Version 12.00
# Visual Studio Version 17
VisualStudioVersion = 17.8.34316.72
MinimumVisualStudioVersion = 10.0.40219.1
Project("{FAE04EC0-301F-11D3-BF4B-00C04F79EFBC}") = "eVaultAPI", "eVaultAPI.csproj", "{DDE9D153-F56A-4CFF-AF39-83833DD5764A}"
EndProject
Global
	GlobalSection(SolutionConfigurationPlatforms) = preSolution
		Debug|Any CPU = Debug|Any CPU
		Release|Any CPU = Release|Any CPU
	EndGlobalSection
	GlobalSection(ProjectConfigurationPlatforms) = postSolution
		{DDE9D153-F56A-4CFF-AF39-83833DD5764A}.Debug|Any CPU.ActiveCfg = Debug|Any CPU
		{DDE9D153-F56A-4CFF-AF39-83833DD5764A}.Debug|Any CPU.Build.0 = Debug|Any CPU
		{DDE9D153-F56A-4CFF-AF39-83833DD5764A}.Release|Any CPU.ActiveCfg = Release|Any CPU
		{DDE9D153-F56A-4CFF-AF39-83833DD5764A}.Release|Any CPU.Build.0 = Release|Any CPU
	EndGlobalSection
	GlobalSection(SolutionProperties) = preSolution
		HideSolutionNode = FALSE
	EndGlobalSection
	GlobalSection(ExtensibilityGlobals) = postSolution
		SolutionGuid = {FF685B72-A5E1-405D-AFEE-479381F88E96}
	EndGlobalSection
EndGlobal
